<?xml version="1.0" encoding="utf-8"?>
<Project ToolsVersion="4.0" xmlns="http://schemas.microsoft.com/developer/msbuild/2003">
  <ItemGroup>
    <Filter Include="源文件">
      <UniqueIdentifier>{4FC737F1-C7A5-4376-A066-2A32D752A2FF}</UniqueIdentifier>
      <Extensions>cpp;c;cc;cxx;def;odl;idl;hpj;bat;asm;asmx</Extensions>
    </Filter>
    <Filter Include="头文件">
      <UniqueIdentifier>{93995380-89BD-4b04-88EB-625FBE52EBFB}</UniqueIdentifier>
      <Extensions>h;hpp;hxx;hm;inl;inc;xsd</Extensions>
    </Filter>
    <Filter Include="资源文件">
      <UniqueIdentifier>{67DA6AB6-F800-4c08-8B7A-83BB121AAD01}</UniqueIdentifier>
      <Extensions>rc;ico;cur;bmp;dlg;rc2;rct;bin;rgs;gif;jpg;jpeg;jpe;resx;tiff;tif;png;wav;mfcribbon-ms</Extensions>
    </Filter>
    <Filter Include="生成的文件">
      <UniqueIdentifier>{406c4654-f19f-4984-a770-c2ebe30926e3}</UniqueIdentifier>
      <SourceControlFiles>False</SourceControlFiles>
    </Filter>
    <Filter Include="thrift">
      <UniqueIdentifier>{3e1addb5-a445-4436-8463-11c00a5f0b02}</UniqueIdentifier>
    </Filter>
  </ItemGroup>
  <ItemGroup>
    <ClCompile Include="stdafx.cpp">
      <Filter>源文件</Filter>
    </ClCompile>
    <ClCompile Include="OutlookAddin.cpp">
      <Filter>源文件</Filter>
    </ClCompile>
    <ClCompile Include="dllmain.cpp">
      <Filter>源文件</Filter>
    </ClCompile>
    <ClCompile Include="OutlookAddin_i.c">
      <Filter>生成的文件</Filter>
    </ClCompile>
    <ClCompile Include="OutlookAddinImpl.cpp">
      <Filter>源文件</Filter>
    </ClCompile>
    <ClCompile Include="..\..\..\OneboxSync\Common\source\Utility.cpp">
      <Filter>源文件</Filter>
    </ClCompile>
    <ClCompile Include="..\..\..\OneboxSync\Common\thrift\OneboxSyncService\OneboxSyncService_constants.cpp">
      <Filter>thrift</Filter>
    </ClCompile>
    <ClCompile Include="..\..\..\OneboxSync\Common\thrift\OneboxSyncService\OneboxSyncService_types.cpp">
      <Filter>thrift</Filter>
    </ClCompile>
    <ClCompile Include="..\..\..\OneboxSync\Common\thrift\OneboxSyncService\SyncService.cpp">
      <Filter>thrift</Filter>
    </ClCompile>
    <ClCompile Include="OutlookAddinThriftClient.cpp">
      <Filter>thrift</Filter>
    </ClCompile>
  </ItemGroup>
  <ItemGroup>
    <ClInclude Include="stdafx.h">
      <Filter>头文件</Filter>
    </ClInclude>
    <ClInclude Include="targetver.h">
      <Filter>头文件</Filter>
    </ClInclude>
    <ClInclude Include="Resource.h">
      <Filter>头文件</Filter>
    </ClInclude>
    <ClInclude Include="dllmain.h">
      <Filter>头文件</Filter>
    </ClInclude>
    <ClInclude Include="OutlookAddin_i.h">
      <Filter>生成的文件</Filter>
    </ClInclude>
    <ClInclude Include="OutlookAddinImpl.h">
      <Filter>头文件</Filter>
    </ClInclude>
    <ClInclude Include="..\..\..\OneboxSync\Common\include\Utility.h">
      <Filter>头文件</Filter>
    </ClInclude>
    <ClInclude Include="..\..\..\OneboxSync\Common\thrift\OneboxSyncService\OneboxSyncService_constants.h">
      <Filter>thrift</Filter>
    </ClInclude>
    <ClInclude Include="..\..\..\OneboxSync\Common\thrift\OneboxSyncService\OneboxSyncService_types.h">
      <Filter>thrift</Filter>
    </ClInclude>
    <ClInclude Include="..\..\..\OneboxSync\Common\thrift\OneboxSyncService\SyncService.h">
      <Filter>thrift</Filter>
    </ClInclude>
    <ClInclude Include="OutlookAddinThriftClient.h">
      <Filter>thrift</Filter>
    </ClInclude>
    <ClInclude Include="..\..\..\OneboxSync\Common\include\CommonDefine.h">
      <Filter>头文件</Filter>
    </ClInclude>
  </ItemGroup>
  <ItemGroup>
    <ResourceCompile Include="OutlookAddin.rc">
      <Filter>资源文件</Filter>
    </ResourceCompile>
  </ItemGroup>
  <ItemGroup>
    <None Include="OutlookAddin.rgs">
      <Filter>资源文件</Filter>
    </None>
    <None Include="OutlookAddin.def">
      <Filter>源文件</Filter>
    </None>
    <None Include="OutlookAddinImpl.rgs">
      <Filter>资源文件</Filter>
    </None>
  </ItemGroup>
  <ItemGroup>
    <Midl Include="OutlookAddin.idl">
      <Filter>源文件</Filter>
    </Midl>
  </ItemGroup>
  <ItemGroup>
    <Xml Include="OneboxRibbonManifest.xml">
      <Filter>资源文件</Filter>
    </Xml>
  </ItemGroup>
  <ItemGroup>
    <Image Include="Res\logo.ico">
      <Filter>资源文件</Filter>
    </Image>
    <Image Include="Res\tasks.ico">
      <Filter>资源文件</Filter>
    </Image>
  </ItemGroup>
</Project>