
Microsoft Visual Studio Solution File, Format Version 12.00
# Visual Studio 2012
Project("{8BC9CEB8-8B4A-11D0-8D11-00A0C91BC942}") = "NetSDK", "..\..\OneboxCommon\NetSDK\NetSDK.vcxproj", "{943EE68F-7A48-4633-AB24-7E3C609583CC}"
EndProject
Project("{8BC9CEB8-8B4A-11D0-8D11-00A0C91BC942}") = "Common", "..\..\OneboxCommon\Common\Common.vcxproj", "{196E0F9E-834B-40FC-8473-CED5AA316E47}"
	ProjectSection(ProjectDependencies) = postProject
		{943EE68F-7A48-4633-AB24-7E3C609583CC} = {943EE68F-7A48-4633-AB24-7E3C609583CC}
	EndProjectSection
EndProject
Project("{8BC9CEB8-8B4A-11D0-8D11-00A0C91BC942}") = "Onebox", "..\UI\Onebox.vcxproj", "{B3063447-914C-468C-9C45-2DCD9C4C1C01}"
	ProjectSection(ProjectDependencies) = postProject
		{BE11F500-0F29-41DA-B230-6E04ED4240ED} = {BE11F500-0F29-41DA-B230-6E04ED4240ED}
		{518EFD06-32F2-4F5D-8523-3E4F07E3F2BD} = {518EFD06-32F2-4F5D-8523-3E4F07E3F2BD}
		{5684D31A-8BDD-4AC3-9209-A7B0CAD10E5C} = {5684D31A-8BDD-4AC3-9209-A7B0CAD10E5C}
		{74D88B4F-78EF-4448-A6B7-F52272406772} = {74D88B4F-78EF-4448-A6B7-F52272406772}
		{BDD7C673-233C-45C6-9819-477CEEB20506} = {BDD7C673-233C-45C6-9819-477CEEB20506}
		{943EE68F-7A48-4633-AB24-7E3C609583CC} = {943EE68F-7A48-4633-AB24-7E3C609583CC}
		{196E0F9E-834B-40FC-8473-CED5AA316E47} = {196E0F9E-834B-40FC-8473-CED5AA316E47}
		{C69B00B0-9553-4324-9208-2830C8F36158} = {C69B00B0-9553-4324-9208-2830C8F36158}
		{09C0E7D5-E632-4C55-B398-DBBD36D619F9} = {09C0E7D5-E632-4C55-B398-DBBD36D619F9}
	EndProjectSection
EndProject
Project("{8BC9CEB8-8B4A-11D0-8D11-00A0C91BC942}") = "MessageProxy", "..\..\OneboxCommon\MessageProxy\MessageProxy.vcxproj", "{5684D31A-8BDD-4AC3-9209-A7B0CAD10E5C}"
	ProjectSection(ProjectDependencies) = postProject
		{196E0F9E-834B-40FC-8473-CED5AA316E47} = {196E0F9E-834B-40FC-8473-CED5AA316E47}
		{C69B00B0-9553-4324-9208-2830C8F36158} = {C69B00B0-9553-4324-9208-2830C8F36158}
	EndProjectSection
EndProject
Project("{8BC9CEB8-8B4A-11D0-8D11-00A0C91BC942}") = "DataCache", "..\DataCache\DataCache.vcxproj", "{BE11F500-0F29-41DA-B230-6E04ED4240ED}"
	ProjectSection(ProjectDependencies) = postProject
		{196E0F9E-834B-40FC-8473-CED5AA316E47} = {196E0F9E-834B-40FC-8473-CED5AA316E47}
	EndProjectSection
EndProject
Project("{8BC9CEB8-8B4A-11D0-8D11-00A0C91BC942}") = "DuiLib", "..\..\..\Duilib\DuiLib.vcxproj", "{518EFD06-32F2-4F5D-8523-3E4F07E3F2BD}"
EndProject
Project("{8BC9CEB8-8B4A-11D0-8D11-00A0C91BC942}") = "SystemInfo", "..\SystemInfo\SystemInfo.vcxproj", "{74D88B4F-78EF-4448-A6B7-F52272406772}"
	ProjectSection(ProjectDependencies) = postProject
		{196E0F9E-834B-40FC-8473-CED5AA316E47} = {196E0F9E-834B-40FC-8473-CED5AA316E47}
	EndProjectSection
EndProject
Project("{8BC9CEB8-8B4A-11D0-8D11-00A0C91BC942}") = "BackupAll", "..\BackupAll\BackupAll.vcxproj", "{C69B00B0-9553-4324-9208-2830C8F36158}"
	ProjectSection(ProjectDependencies) = postProject
		{196E0F9E-834B-40FC-8473-CED5AA316E47} = {196E0F9E-834B-40FC-8473-CED5AA316E47}
	EndProjectSection
EndProject
Project("{8BC9CEB8-8B4A-11D0-8D11-00A0C91BC942}") = "UpdateDB", "..\UpdateDB\UpdateDB.vcxproj", "{BDD7C673-233C-45C6-9819-477CEEB20506}"
	ProjectSection(ProjectDependencies) = postProject
		{196E0F9E-834B-40FC-8473-CED5AA316E47} = {196E0F9E-834B-40FC-8473-CED5AA316E47}
		{09C0E7D5-E632-4C55-B398-DBBD36D619F9} = {09C0E7D5-E632-4C55-B398-DBBD36D619F9}
	EndProjectSection
EndProject
Project("{8BC9CEB8-8B4A-11D0-8D11-00A0C91BC942}") = "DataTransfer", "..\DataTransfer\DataTransfer.vcxproj", "{09C0E7D5-E632-4C55-B398-DBBD36D619F9}"
EndProject
Global
	GlobalSection(SolutionConfigurationPlatforms) = preSolution
		Debug|Win32 = Debug|Win32
		Debug|x64 = Debug|x64
		DebugLib_mt|Win32 = DebugLib_mt|Win32
		DebugLib_mt|x64 = DebugLib_mt|x64
		DebugLib|Win32 = DebugLib|Win32
		DebugLib|x64 = DebugLib|x64
		Release|Win32 = Release|Win32
		Release|x64 = Release|x64
		ReleaseLib_mt|Win32 = ReleaseLib_mt|Win32
		ReleaseLib_mt|x64 = ReleaseLib_mt|x64
		ReleaseLib|Win32 = ReleaseLib|Win32
		ReleaseLib|x64 = ReleaseLib|x64
	EndGlobalSection
	GlobalSection(ProjectConfigurationPlatforms) = postSolution
		{943EE68F-7A48-4633-AB24-7E3C609583CC}.Debug|Win32.ActiveCfg = Debug|Win32
		{943EE68F-7A48-4633-AB24-7E3C609583CC}.Debug|Win32.Build.0 = Debug|Win32
		{943EE68F-7A48-4633-AB24-7E3C609583CC}.Debug|x64.ActiveCfg = Debug|Win32
		{943EE68F-7A48-4633-AB24-7E3C609583CC}.DebugLib_mt|Win32.ActiveCfg = Debug|Win32
		{943EE68F-7A48-4633-AB24-7E3C609583CC}.DebugLib_mt|Win32.Build.0 = Debug|Win32
		{943EE68F-7A48-4633-AB24-7E3C609583CC}.DebugLib_mt|x64.ActiveCfg = Debug|Win32
		{943EE68F-7A48-4633-AB24-7E3C609583CC}.DebugLib|Win32.ActiveCfg = Debug|Win32
		{943EE68F-7A48-4633-AB24-7E3C609583CC}.DebugLib|Win32.Build.0 = Debug|Win32
		{943EE68F-7A48-4633-AB24-7E3C609583CC}.DebugLib|x64.ActiveCfg = Debug|Win32
		{943EE68F-7A48-4633-AB24-7E3C609583CC}.Release|Win32.ActiveCfg = Release|Win32
		{943EE68F-7A48-4633-AB24-7E3C609583CC}.Release|Win32.Build.0 = Release|Win32
		{943EE68F-7A48-4633-AB24-7E3C609583CC}.Release|x64.ActiveCfg = Release|Win32
		{943EE68F-7A48-4633-AB24-7E3C609583CC}.ReleaseLib_mt|Win32.ActiveCfg = Release|Win32
		{943EE68F-7A48-4633-AB24-7E3C609583CC}.ReleaseLib_mt|Win32.Build.0 = Release|Win32
		{943EE68F-7A48-4633-AB24-7E3C609583CC}.ReleaseLib_mt|x64.ActiveCfg = Release|Win32
		{943EE68F-7A48-4633-AB24-7E3C609583CC}.ReleaseLib|Win32.ActiveCfg = Release|Win32
		{943EE68F-7A48-4633-AB24-7E3C609583CC}.ReleaseLib|Win32.Build.0 = Release|Win32
		{943EE68F-7A48-4633-AB24-7E3C609583CC}.ReleaseLib|x64.ActiveCfg = Release|Win32
		{196E0F9E-834B-40FC-8473-CED5AA316E47}.Debug|Win32.ActiveCfg = Debug|Win32
		{196E0F9E-834B-40FC-8473-CED5AA316E47}.Debug|Win32.Build.0 = Debug|Win32
		{196E0F9E-834B-40FC-8473-CED5AA316E47}.Debug|x64.ActiveCfg = Debug|Win32
		{196E0F9E-834B-40FC-8473-CED5AA316E47}.DebugLib_mt|Win32.ActiveCfg = Debug|Win32
		{196E0F9E-834B-40FC-8473-CED5AA316E47}.DebugLib_mt|Win32.Build.0 = Debug|Win32
		{196E0F9E-834B-40FC-8473-CED5AA316E47}.DebugLib_mt|x64.ActiveCfg = Debug|Win32
		{196E0F9E-834B-40FC-8473-CED5AA316E47}.DebugLib|Win32.ActiveCfg = Debug|Win32
		{196E0F9E-834B-40FC-8473-CED5AA316E47}.DebugLib|Win32.Build.0 = Debug|Win32
		{196E0F9E-834B-40FC-8473-CED5AA316E47}.DebugLib|x64.ActiveCfg = Debug|Win32
		{196E0F9E-834B-40FC-8473-CED5AA316E47}.Release|Win32.ActiveCfg = Release|Win32
		{196E0F9E-834B-40FC-8473-CED5AA316E47}.Release|Win32.Build.0 = Release|Win32
		{196E0F9E-834B-40FC-8473-CED5AA316E47}.Release|x64.ActiveCfg = Release|Win32
		{196E0F9E-834B-40FC-8473-CED5AA316E47}.ReleaseLib_mt|Win32.ActiveCfg = Release|Win32
		{196E0F9E-834B-40FC-8473-CED5AA316E47}.ReleaseLib_mt|Win32.Build.0 = Release|Win32
		{196E0F9E-834B-40FC-8473-CED5AA316E47}.ReleaseLib_mt|x64.ActiveCfg = Release|Win32
		{196E0F9E-834B-40FC-8473-CED5AA316E47}.ReleaseLib|Win32.ActiveCfg = Release|Win32
		{196E0F9E-834B-40FC-8473-CED5AA316E47}.ReleaseLib|Win32.Build.0 = Release|Win32
		{196E0F9E-834B-40FC-8473-CED5AA316E47}.ReleaseLib|x64.ActiveCfg = Release|Win32
		{B3063447-914C-468C-9C45-2DCD9C4C1C01}.Debug|Win32.ActiveCfg = Debug|Win32
		{B3063447-914C-468C-9C45-2DCD9C4C1C01}.Debug|Win32.Build.0 = Debug|Win32
		{B3063447-914C-468C-9C45-2DCD9C4C1C01}.Debug|x64.ActiveCfg = Debug|Win32
		{B3063447-914C-468C-9C45-2DCD9C4C1C01}.DebugLib_mt|Win32.ActiveCfg = Debug|Win32
		{B3063447-914C-468C-9C45-2DCD9C4C1C01}.DebugLib_mt|Win32.Build.0 = Debug|Win32
		{B3063447-914C-468C-9C45-2DCD9C4C1C01}.DebugLib_mt|x64.ActiveCfg = Debug|Win32
		{B3063447-914C-468C-9C45-2DCD9C4C1C01}.DebugLib|Win32.ActiveCfg = Debug|Win32
		{B3063447-914C-468C-9C45-2DCD9C4C1C01}.DebugLib|Win32.Build.0 = Debug|Win32
		{B3063447-914C-468C-9C45-2DCD9C4C1C01}.DebugLib|x64.ActiveCfg = Debug|Win32
		{B3063447-914C-468C-9C45-2DCD9C4C1C01}.Release|Win32.ActiveCfg = Release|Win32
		{B3063447-914C-468C-9C45-2DCD9C4C1C01}.Release|Win32.Build.0 = Release|Win32
		{B3063447-914C-468C-9C45-2DCD9C4C1C01}.Release|x64.ActiveCfg = Release|Win32
		{B3063447-914C-468C-9C45-2DCD9C4C1C01}.ReleaseLib_mt|Win32.ActiveCfg = Release|Win32
		{B3063447-914C-468C-9C45-2DCD9C4C1C01}.ReleaseLib_mt|Win32.Build.0 = Release|Win32
		{B3063447-914C-468C-9C45-2DCD9C4C1C01}.ReleaseLib_mt|x64.ActiveCfg = Release|Win32
		{B3063447-914C-468C-9C45-2DCD9C4C1C01}.ReleaseLib|Win32.ActiveCfg = Release|Win32
		{B3063447-914C-468C-9C45-2DCD9C4C1C01}.ReleaseLib|Win32.Build.0 = Release|Win32
		{B3063447-914C-468C-9C45-2DCD9C4C1C01}.ReleaseLib|x64.ActiveCfg = Release|Win32
		{5684D31A-8BDD-4AC3-9209-A7B0CAD10E5C}.Debug|Win32.ActiveCfg = Debug|Win32
		{5684D31A-8BDD-4AC3-9209-A7B0CAD10E5C}.Debug|Win32.Build.0 = Debug|Win32
		{5684D31A-8BDD-4AC3-9209-A7B0CAD10E5C}.Debug|x64.ActiveCfg = Debug|Win32
		{5684D31A-8BDD-4AC3-9209-A7B0CAD10E5C}.DebugLib_mt|Win32.ActiveCfg = Debug|Win32
		{5684D31A-8BDD-4AC3-9209-A7B0CAD10E5C}.DebugLib_mt|Win32.Build.0 = Debug|Win32
		{5684D31A-8BDD-4AC3-9209-A7B0CAD10E5C}.DebugLib_mt|x64.ActiveCfg = Debug|Win32
		{5684D31A-8BDD-4AC3-9209-A7B0CAD10E5C}.DebugLib|Win32.ActiveCfg = Debug|Win32
		{5684D31A-8BDD-4AC3-9209-A7B0CAD10E5C}.DebugLib|Win32.Build.0 = Debug|Win32
		{5684D31A-8BDD-4AC3-9209-A7B0CAD10E5C}.DebugLib|x64.ActiveCfg = Debug|Win32
		{5684D31A-8BDD-4AC3-9209-A7B0CAD10E5C}.Release|Win32.ActiveCfg = Release|Win32
		{5684D31A-8BDD-4AC3-9209-A7B0CAD10E5C}.Release|Win32.Build.0 = Release|Win32
		{5684D31A-8BDD-4AC3-9209-A7B0CAD10E5C}.Release|x64.ActiveCfg = Release|Win32
		{5684D31A-8BDD-4AC3-9209-A7B0CAD10E5C}.ReleaseLib_mt|Win32.ActiveCfg = Release|Win32
		{5684D31A-8BDD-4AC3-9209-A7B0CAD10E5C}.ReleaseLib_mt|Win32.Build.0 = Release|Win32
		{5684D31A-8BDD-4AC3-9209-A7B0CAD10E5C}.ReleaseLib_mt|x64.ActiveCfg = Release|Win32
		{5684D31A-8BDD-4AC3-9209-A7B0CAD10E5C}.ReleaseLib|Win32.ActiveCfg = Release|Win32
		{5684D31A-8BDD-4AC3-9209-A7B0CAD10E5C}.ReleaseLib|Win32.Build.0 = Release|Win32
		{5684D31A-8BDD-4AC3-9209-A7B0CAD10E5C}.ReleaseLib|x64.ActiveCfg = Release|Win32
		{BE11F500-0F29-41DA-B230-6E04ED4240ED}.Debug|Win32.ActiveCfg = Debug|Win32
		{BE11F500-0F29-41DA-B230-6E04ED4240ED}.Debug|Win32.Build.0 = Debug|Win32
		{BE11F500-0F29-41DA-B230-6E04ED4240ED}.Debug|x64.ActiveCfg = Debug|Win32
		{BE11F500-0F29-41DA-B230-6E04ED4240ED}.DebugLib_mt|Win32.ActiveCfg = Debug|Win32
		{BE11F500-0F29-41DA-B230-6E04ED4240ED}.DebugLib_mt|Win32.Build.0 = Debug|Win32
		{BE11F500-0F29-41DA-B230-6E04ED4240ED}.DebugLib_mt|x64.ActiveCfg = Debug|Win32
		{BE11F500-0F29-41DA-B230-6E04ED4240ED}.DebugLib|Win32.ActiveCfg = Debug|Win32
		{BE11F500-0F29-41DA-B230-6E04ED4240ED}.DebugLib|Win32.Build.0 = Debug|Win32
		{BE11F500-0F29-41DA-B230-6E04ED4240ED}.DebugLib|x64.ActiveCfg = Debug|Win32
		{BE11F500-0F29-41DA-B230-6E04ED4240ED}.Release|Win32.ActiveCfg = Release|Win32
		{BE11F500-0F29-41DA-B230-6E04ED4240ED}.Release|Win32.Build.0 = Release|Win32
		{BE11F500-0F29-41DA-B230-6E04ED4240ED}.Release|x64.ActiveCfg = Release|Win32
		{BE11F500-0F29-41DA-B230-6E04ED4240ED}.ReleaseLib_mt|Win32.ActiveCfg = Release|Win32
		{BE11F500-0F29-41DA-B230-6E04ED4240ED}.ReleaseLib_mt|Win32.Build.0 = Release|Win32
		{BE11F500-0F29-41DA-B230-6E04ED4240ED}.ReleaseLib_mt|x64.ActiveCfg = Release|Win32
		{BE11F500-0F29-41DA-B230-6E04ED4240ED}.ReleaseLib|Win32.ActiveCfg = Release|Win32
		{BE11F500-0F29-41DA-B230-6E04ED4240ED}.ReleaseLib|Win32.Build.0 = Release|Win32
		{BE11F500-0F29-41DA-B230-6E04ED4240ED}.ReleaseLib|x64.ActiveCfg = Release|Win32
		{518EFD06-32F2-4F5D-8523-3E4F07E3F2BD}.Debug|Win32.ActiveCfg = Debug|Win32
		{518EFD06-32F2-4F5D-8523-3E4F07E3F2BD}.Debug|Win32.Build.0 = Debug|Win32
		{518EFD06-32F2-4F5D-8523-3E4F07E3F2BD}.Debug|x64.ActiveCfg = Debug|x64
		{518EFD06-32F2-4F5D-8523-3E4F07E3F2BD}.Debug|x64.Build.0 = Debug|x64
		{518EFD06-32F2-4F5D-8523-3E4F07E3F2BD}.DebugLib_mt|Win32.ActiveCfg = DebugLib_mt|Win32
		{518EFD06-32F2-4F5D-8523-3E4F07E3F2BD}.DebugLib_mt|Win32.Build.0 = DebugLib_mt|Win32
		{518EFD06-32F2-4F5D-8523-3E4F07E3F2BD}.DebugLib_mt|x64.ActiveCfg = DebugLib_mt|x64
		{518EFD06-32F2-4F5D-8523-3E4F07E3F2BD}.DebugLib_mt|x64.Build.0 = DebugLib_mt|x64
		{518EFD06-32F2-4F5D-8523-3E4F07E3F2BD}.DebugLib|Win32.ActiveCfg = DebugLib|Win32
		{518EFD06-32F2-4F5D-8523-3E4F07E3F2BD}.DebugLib|Win32.Build.0 = DebugLib|Win32
		{518EFD06-32F2-4F5D-8523-3E4F07E3F2BD}.DebugLib|x64.ActiveCfg = DebugLib|x64
		{518EFD06-32F2-4F5D-8523-3E4F07E3F2BD}.DebugLib|x64.Build.0 = DebugLib|x64
		{518EFD06-32F2-4F5D-8523-3E4F07E3F2BD}.Release|Win32.ActiveCfg = Release|Win32
		{518EFD06-32F2-4F5D-8523-3E4F07E3F2BD}.Release|Win32.Build.0 = Release|Win32
		{518EFD06-32F2-4F5D-8523-3E4F07E3F2BD}.Release|x64.ActiveCfg = Release|x64
		{518EFD06-32F2-4F5D-8523-3E4F07E3F2BD}.Release|x64.Build.0 = Release|x64
		{518EFD06-32F2-4F5D-8523-3E4F07E3F2BD}.ReleaseLib_mt|Win32.ActiveCfg = ReleaseLib_mt|Win32
		{518EFD06-32F2-4F5D-8523-3E4F07E3F2BD}.ReleaseLib_mt|Win32.Build.0 = ReleaseLib_mt|Win32
		{518EFD06-32F2-4F5D-8523-3E4F07E3F2BD}.ReleaseLib_mt|x64.ActiveCfg = ReleaseLib_mt|x64
		{518EFD06-32F2-4F5D-8523-3E4F07E3F2BD}.ReleaseLib_mt|x64.Build.0 = ReleaseLib_mt|x64
		{518EFD06-32F2-4F5D-8523-3E4F07E3F2BD}.ReleaseLib|Win32.ActiveCfg = ReleaseLib|Win32
		{518EFD06-32F2-4F5D-8523-3E4F07E3F2BD}.ReleaseLib|Win32.Build.0 = ReleaseLib|Win32
		{518EFD06-32F2-4F5D-8523-3E4F07E3F2BD}.ReleaseLib|x64.ActiveCfg = ReleaseLib|x64
		{518EFD06-32F2-4F5D-8523-3E4F07E3F2BD}.ReleaseLib|x64.Build.0 = ReleaseLib|x64
		{74D88B4F-78EF-4448-A6B7-F52272406772}.Debug|Win32.ActiveCfg = Debug|Win32
		{74D88B4F-78EF-4448-A6B7-F52272406772}.Debug|Win32.Build.0 = Debug|Win32
		{74D88B4F-78EF-4448-A6B7-F52272406772}.Debug|x64.ActiveCfg = Debug|Win32
		{74D88B4F-78EF-4448-A6B7-F52272406772}.DebugLib_mt|Win32.ActiveCfg = Debug|Win32
		{74D88B4F-78EF-4448-A6B7-F52272406772}.DebugLib_mt|Win32.Build.0 = Debug|Win32
		{74D88B4F-78EF-4448-A6B7-F52272406772}.DebugLib_mt|x64.ActiveCfg = Debug|Win32
		{74D88B4F-78EF-4448-A6B7-F52272406772}.DebugLib|Win32.ActiveCfg = Debug|Win32
		{74D88B4F-78EF-4448-A6B7-F52272406772}.DebugLib|Win32.Build.0 = Debug|Win32
		{74D88B4F-78EF-4448-A6B7-F52272406772}.DebugLib|x64.ActiveCfg = Debug|Win32
		{74D88B4F-78EF-4448-A6B7-F52272406772}.Release|Win32.ActiveCfg = Release|Win32
		{74D88B4F-78EF-4448-A6B7-F52272406772}.Release|Win32.Build.0 = Release|Win32
		{74D88B4F-78EF-4448-A6B7-F52272406772}.Release|x64.ActiveCfg = Release|Win32
		{74D88B4F-78EF-4448-A6B7-F52272406772}.ReleaseLib_mt|Win32.ActiveCfg = Release|Win32
		{74D88B4F-78EF-4448-A6B7-F52272406772}.ReleaseLib_mt|Win32.Build.0 = Release|Win32
		{74D88B4F-78EF-4448-A6B7-F52272406772}.ReleaseLib_mt|x64.ActiveCfg = Release|Win32
		{74D88B4F-78EF-4448-A6B7-F52272406772}.ReleaseLib|Win32.ActiveCfg = Release|Win32
		{74D88B4F-78EF-4448-A6B7-F52272406772}.ReleaseLib|Win32.Build.0 = Release|Win32
		{74D88B4F-78EF-4448-A6B7-F52272406772}.ReleaseLib|x64.ActiveCfg = Release|Win32
		{C69B00B0-9553-4324-9208-2830C8F36158}.Debug|Win32.ActiveCfg = Debug|Win32
		{C69B00B0-9553-4324-9208-2830C8F36158}.Debug|Win32.Build.0 = Debug|Win32
		{C69B00B0-9553-4324-9208-2830C8F36158}.Debug|x64.ActiveCfg = Debug|Win32
		{C69B00B0-9553-4324-9208-2830C8F36158}.DebugLib_mt|Win32.ActiveCfg = Debug|Win32
		{C69B00B0-9553-4324-9208-2830C8F36158}.DebugLib_mt|Win32.Build.0 = Debug|Win32
		{C69B00B0-9553-4324-9208-2830C8F36158}.DebugLib_mt|x64.ActiveCfg = Debug|Win32
		{C69B00B0-9553-4324-9208-2830C8F36158}.DebugLib|Win32.ActiveCfg = Debug|Win32
		{C69B00B0-9553-4324-9208-2830C8F36158}.DebugLib|Win32.Build.0 = Debug|Win32
		{C69B00B0-9553-4324-9208-2830C8F36158}.DebugLib|x64.ActiveCfg = Debug|Win32
		{C69B00B0-9553-4324-9208-2830C8F36158}.Release|Win32.ActiveCfg = Release|Win32
		{C69B00B0-9553-4324-9208-2830C8F36158}.Release|Win32.Build.0 = Release|Win32
		{C69B00B0-9553-4324-9208-2830C8F36158}.Release|x64.ActiveCfg = Release|Win32
		{C69B00B0-9553-4324-9208-2830C8F36158}.ReleaseLib_mt|Win32.ActiveCfg = Release|Win32
		{C69B00B0-9553-4324-9208-2830C8F36158}.ReleaseLib_mt|Win32.Build.0 = Release|Win32
		{C69B00B0-9553-4324-9208-2830C8F36158}.ReleaseLib_mt|x64.ActiveCfg = Release|Win32
		{C69B00B0-9553-4324-9208-2830C8F36158}.ReleaseLib|Win32.ActiveCfg = Release|Win32
		{C69B00B0-9553-4324-9208-2830C8F36158}.ReleaseLib|Win32.Build.0 = Release|Win32
		{C69B00B0-9553-4324-9208-2830C8F36158}.ReleaseLib|x64.ActiveCfg = Release|Win32
		{BDD7C673-233C-45C6-9819-477CEEB20506}.Debug|Win32.ActiveCfg = Debug|Win32
		{BDD7C673-233C-45C6-9819-477CEEB20506}.Debug|Win32.Build.0 = Debug|Win32
		{BDD7C673-233C-45C6-9819-477CEEB20506}.Debug|x64.ActiveCfg = Debug|Win32
		{BDD7C673-233C-45C6-9819-477CEEB20506}.DebugLib_mt|Win32.ActiveCfg = Debug|Win32
		{BDD7C673-233C-45C6-9819-477CEEB20506}.DebugLib_mt|Win32.Build.0 = Debug|Win32
		{BDD7C673-233C-45C6-9819-477CEEB20506}.DebugLib_mt|x64.ActiveCfg = Debug|Win32
		{BDD7C673-233C-45C6-9819-477CEEB20506}.DebugLib|Win32.ActiveCfg = Debug|Win32
		{BDD7C673-233C-45C6-9819-477CEEB20506}.DebugLib|Win32.Build.0 = Debug|Win32
		{BDD7C673-233C-45C6-9819-477CEEB20506}.DebugLib|x64.ActiveCfg = Debug|Win32
		{BDD7C673-233C-45C6-9819-477CEEB20506}.Release|Win32.ActiveCfg = Release|Win32
		{BDD7C673-233C-45C6-9819-477CEEB20506}.Release|Win32.Build.0 = Release|Win32
		{BDD7C673-233C-45C6-9819-477CEEB20506}.Release|x64.ActiveCfg = Release|Win32
		{BDD7C673-233C-45C6-9819-477CEEB20506}.ReleaseLib_mt|Win32.ActiveCfg = Release|Win32
		{BDD7C673-233C-45C6-9819-477CEEB20506}.ReleaseLib_mt|Win32.Build.0 = Release|Win32
		{BDD7C673-233C-45C6-9819-477CEEB20506}.ReleaseLib_mt|x64.ActiveCfg = Release|Win32
		{BDD7C673-233C-45C6-9819-477CEEB20506}.ReleaseLib|Win32.ActiveCfg = Release|Win32
		{BDD7C673-233C-45C6-9819-477CEEB20506}.ReleaseLib|Win32.Build.0 = Release|Win32
		{BDD7C673-233C-45C6-9819-477CEEB20506}.ReleaseLib|x64.ActiveCfg = Release|Win32
		{09C0E7D5-E632-4C55-B398-DBBD36D619F9}.Debug|Win32.ActiveCfg = Debug|Win32
		{09C0E7D5-E632-4C55-B398-DBBD36D619F9}.Debug|Win32.Build.0 = Debug|Win32
		{09C0E7D5-E632-4C55-B398-DBBD36D619F9}.Debug|x64.ActiveCfg = Debug|Win32
		{09C0E7D5-E632-4C55-B398-DBBD36D619F9}.DebugLib_mt|Win32.ActiveCfg = Debug|Win32
		{09C0E7D5-E632-4C55-B398-DBBD36D619F9}.DebugLib_mt|Win32.Build.0 = Debug|Win32
		{09C0E7D5-E632-4C55-B398-DBBD36D619F9}.DebugLib_mt|x64.ActiveCfg = Debug|Win32
		{09C0E7D5-E632-4C55-B398-DBBD36D619F9}.DebugLib|Win32.ActiveCfg = Debug|Win32
		{09C0E7D5-E632-4C55-B398-DBBD36D619F9}.DebugLib|Win32.Build.0 = Debug|Win32
		{09C0E7D5-E632-4C55-B398-DBBD36D619F9}.DebugLib|x64.ActiveCfg = Debug|Win32
		{09C0E7D5-E632-4C55-B398-DBBD36D619F9}.Release|Win32.ActiveCfg = Release|Win32
		{09C0E7D5-E632-4C55-B398-DBBD36D619F9}.Release|Win32.Build.0 = Release|Win32
		{09C0E7D5-E632-4C55-B398-DBBD36D619F9}.Release|x64.ActiveCfg = Release|Win32
		{09C0E7D5-E632-4C55-B398-DBBD36D619F9}.ReleaseLib_mt|Win32.ActiveCfg = Release|Win32
		{09C0E7D5-E632-4C55-B398-DBBD36D619F9}.ReleaseLib_mt|Win32.Build.0 = Release|Win32
		{09C0E7D5-E632-4C55-B398-DBBD36D619F9}.ReleaseLib_mt|x64.ActiveCfg = Release|Win32
		{09C0E7D5-E632-4C55-B398-DBBD36D619F9}.ReleaseLib|Win32.ActiveCfg = Release|Win32
		{09C0E7D5-E632-4C55-B398-DBBD36D619F9}.ReleaseLib|Win32.Build.0 = Release|Win32
		{09C0E7D5-E632-4C55-B398-DBBD36D619F9}.ReleaseLib|x64.ActiveCfg = Release|Win32
	EndGlobalSection
	GlobalSection(SolutionProperties) = preSolution
		HideSolutionNode = FALSE
	EndGlobalSection
EndGlobal
